
Microsoft Visual Studio Solution File, Format Version 12.00
# Visual Studio Version 17
VisualStudioVersion = 17.0.31919.166
MinimumVisualStudioVersion = 10.0.40219.1
Project("{FAE04EC0-301F-11D3-BF4B-00C04F79EFBC}") = "ChineseChess", "ChineseChess.csproj", "{F8AFB16E-5C11-438C-BC4F-D9F851AAC667}"
EndProject
Global
	GlobalSection(SolutionConfigurationPlatforms) = preSolution
		Debug|Any CPU = Debug|Any CPU
		Release|Any CPU = Release|Any CPU
	EndGlobalSection
	GlobalSection(ProjectConfigurationPlatforms) = postSolution
		{F8AFB16E-5C11-438C-BC4F-D9F851AAC667}.Debug|Any CPU.ActiveCfg = Debug|Any CPU
		{F8AFB16E-5C11-438C-BC4F-D9F851AAC667}.Debug|Any CPU.Build.0 = Debug|Any CPU
		{F8AFB16E-5C11-438C-BC4F-D9F851AAC667}.Release|Any CPU.ActiveCfg = Release|Any CPU
		{F8AFB16E-5C11-438C-BC4F-D9F851AAC667}.Release|Any CPU.Build.0 = Release|Any CPU
	EndGlobalSection
	GlobalSection(SolutionProperties) = preSolution
		HideSolutionNode = FALSE
	EndGlobalSection
	GlobalSection(ExtensibilityGlobals) = postSolution
		SolutionGuid = {8AACCD66-20C4-4CB3-A518-239028D83B7E}
	EndGlobalSection
EndGlobal
